
Microsoft Visual Studio Solution File, Format Version 12.00
# Visual Studio Version 16
VisualStudioVersion = 16.0.30204.135
MinimumVisualStudioVersion = 10.0.40219.1
Project("{9A19103F-16F7-4668-BE54-9A1E7A4F7556}") = "Mgranja.api1", "src\Mgranja.api1\Mgranja.api1.csproj", "{2455C68D-47B1-42B5-B4AB-41FC1AE5098F}"
EndProject
Project("{9A19103F-16F7-4668-BE54-9A1E7A4F7556}") = "Mgranja.api2", "src\Mgranja.api2\Mgranja.api2.csproj", "{CB410B93-CDB5-4BD9-869C-8A1558E3A32B}"
EndProject
Project("{9A19103F-16F7-4668-BE54-9A1E7A4F7556}") = "api1-tests", "tests\api1-tests\api1-tests.csproj", "{BF407330-F401-46C4-8910-1D7D45EB2ADA}"
EndProject
Project("{9A19103F-16F7-4668-BE54-9A1E7A4F7556}") = "api2-tests", "tests\api2-tests\api2-tests.csproj", "{1C392F24-28F6-4AAE-A383-E32D6E4797FE}"
EndProject
Global
	GlobalSection(SolutionConfigurationPlatforms) = preSolution
		Debug|Any CPU = Debug|Any CPU
		Release|Any CPU = Release|Any CPU
	EndGlobalSection
	GlobalSection(ProjectConfigurationPlatforms) = postSolution
		{2455C68D-47B1-42B5-B4AB-41FC1AE5098F}.Debug|Any CPU.ActiveCfg = Debug|Any CPU
		{2455C68D-47B1-42B5-B4AB-41FC1AE5098F}.Debug|Any CPU.Build.0 = Debug|Any CPU
		{2455C68D-47B1-42B5-B4AB-41FC1AE5098F}.Release|Any CPU.ActiveCfg = Release|Any CPU
		{2455C68D-47B1-42B5-B4AB-41FC1AE5098F}.Release|Any CPU.Build.0 = Release|Any CPU
		{CB410B93-CDB5-4BD9-869C-8A1558E3A32B}.Debug|Any CPU.ActiveCfg = Debug|Any CPU
		{CB410B93-CDB5-4BD9-869C-8A1558E3A32B}.Debug|Any CPU.Build.0 = Debug|Any CPU
		{CB410B93-CDB5-4BD9-869C-8A1558E3A32B}.Release|Any CPU.ActiveCfg = Release|Any CPU
		{CB410B93-CDB5-4BD9-869C-8A1558E3A32B}.Release|Any CPU.Build.0 = Release|Any CPU
		{BF407330-F401-46C4-8910-1D7D45EB2ADA}.Debug|Any CPU.ActiveCfg = Debug|Any CPU
		{BF407330-F401-46C4-8910-1D7D45EB2ADA}.Debug|Any CPU.Build.0 = Debug|Any CPU
		{BF407330-F401-46C4-8910-1D7D45EB2ADA}.Release|Any CPU.ActiveCfg = Release|Any CPU
		{BF407330-F401-46C4-8910-1D7D45EB2ADA}.Release|Any CPU.Build.0 = Release|Any CPU
		{1C392F24-28F6-4AAE-A383-E32D6E4797FE}.Debug|Any CPU.ActiveCfg = Debug|Any CPU
		{1C392F24-28F6-4AAE-A383-E32D6E4797FE}.Debug|Any CPU.Build.0 = Debug|Any CPU
		{1C392F24-28F6-4AAE-A383-E32D6E4797FE}.Release|Any CPU.ActiveCfg = Release|Any CPU
		{1C392F24-28F6-4AAE-A383-E32D6E4797FE}.Release|Any CPU.Build.0 = Release|Any CPU
	EndGlobalSection
	GlobalSection(SolutionProperties) = preSolution
		HideSolutionNode = FALSE
	EndGlobalSection
	GlobalSection(ExtensibilityGlobals) = postSolution
		SolutionGuid = {25742E42-45FA-4629-81E4-105F8F6EECB4}
	EndGlobalSection
EndGlobal
